# THIS IS AN AUTOGENERATED FILE. DO NOT EDIT THIS FILE DIRECTLY.
# yarn lockfile v1


aos@^2.3.4:
  version "2.3.4"
  resolved "https://registry.yarnpkg.com/aos/-/aos-2.3.4.tgz#eb1c29f5c1806a197cf6323080747547edd3db8e"
  integrity sha512-zh/ahtR2yME4I51z8IttIt4lC1Nw0ktsFtmeDzID1m9naJnWXhCoARaCgNOGXb5CLy3zm+wqmRAEgMYB5E2HUw==
  dependencies:
    classlist-polyfill "^1.0.3"
    lodash.debounce "^4.0.6"
    lodash.throttle "^4.0.1"

classlist-polyfill@^1.0.3:
  version "1.2.0"
  resolved "https://registry.yarnpkg.com/classlist-polyfill/-/classlist-polyfill-1.2.0.tgz#935bc2dfd9458a876b279617514638bcaa964a2e"
  integrity sha1-k1vC39lFiodrJ5YXUUY4vKqWSi4=

foundation-sites@^6.5.3:
  version "6.5.3"
  resolved "https://registry.yarnpkg.com/foundation-sites/-/foundation-sites-6.5.3.tgz#85373aaed72233ca0d16fdfcb034e976cc6943c9"
  integrity sha512-ZwI0idjHHjezh6jRjpPxkczvmtUuJ1uGatZHpyloX0MvsFHfM0BFoxrqdXryXugGPdmb+yJi3JYMnz6+5t3K1A==

gsap@^2.1.3:
  version "2.1.3"
  resolved "https://registry.yarnpkg.com/gsap/-/gsap-2.1.3.tgz#c63ee3a50f0b7dc3b46ed0845bb0f09049feb944"
  integrity sha512-8RFASCqi2FOCBuv7X4o7M6bLdy+1hbR0azg+MG7zz+EVsI+OmJblYsTk0GEepQd2Jg/ItMPiVTibF7r3EVxjZQ==

lazysizes@^5.1.0:
  version "5.1.0"
  resolved "https://registry.yarnpkg.com/lazysizes/-/lazysizes-5.1.0.tgz#a87d413aa3765dee03fcb2159f423ab84ed2f2e6"
  integrity sha512-5NsKePWiWTTCXf3xKFaLOXE6eEX0Y1iWpxYAHnPRiv4JrDpUmgRnuDxeDeskw4hue9SgViXbAtEEvP9Jd8yZfQ==

lodash.debounce@^4.0.6:
  version "4.0.8"
  resolved "https://registry.yarnpkg.com/lodash.debounce/-/lodash.debounce-4.0.8.tgz#82d79bff30a67c4005ffd5e2515300ad9ca4d7af"
  integrity sha1-gteb/zCmfEAF/9XiUVMArZyk168=

lodash.throttle@^4.0.1:
  version "4.1.1"
  resolved "https://registry.yarnpkg.com/lodash.throttle/-/lodash.throttle-4.1.1.tgz#c23e91b710242ac70c37f1e1cda9274cc39bf2f4"
  integrity sha1-wj6RtxAkKscMN/HhzaknTMOb8vQ=

magnific-popup@^1.1.0:
  version "1.1.0"
  resolved "https://registry.yarnpkg.com/magnific-popup/-/magnific-popup-1.1.0.tgz#3e7362c5bd18f6785fe99e59d013e20af33d3049"
  integrity sha1-PnNixb0Y9nhf6Z5Z0BPiCvM9MEk=

nouislider@^13.1.5:
  version "13.1.5"
  resolved "https://registry.yarnpkg.com/nouislider/-/nouislider-13.1.5.tgz#3a0f3004159b9a77ebc07c3bedc26c97327d3522"
  integrity sha512-RZMuNW1Z4PcxC5q7wUKbr5EweCEnEUii3f2XtjS38VWcG5QjN11zvveRld+lrUwHIOKgfRWeIddZm5Xxfr7zCQ==

scrollmagic@^2.0.7:
  version "2.0.7"
  resolved "https://registry.yarnpkg.com/scrollmagic/-/scrollmagic-2.0.7.tgz#4139216f3849d226e38b3ef1e5dbbacf25190b35"
  integrity sha512-Qu23XB3YTBhqbnTIkyVhVAEP/7r2APvW+QFfxCpd6LvJ5byCnlvSMzSeBdpyKbDKXBxVWGE9XFXUTvue3B7VrQ==

slick-carousel@^1.8.1:
  version "1.8.1"
  resolved "https://registry.yarnpkg.com/slick-carousel/-/slick-carousel-1.8.1.tgz#a4bfb29014887bb66ce528b90bd0cda262cc8f8d"
  integrity sha512-XB9Ftrf2EEKfzoQXt3Nitrt/IPbT+f1fgqBdoxO3W/+JYvtEOW6EgxnWfr9GH6nmULv7Y2tPmEX3koxThVmebA==

smooth-scroll@^16.1.0:
  version "16.1.0"
  resolved "https://registry.yarnpkg.com/smooth-scroll/-/smooth-scroll-16.1.0.tgz#c811c63db67215d30847745ba0732feb3291947f"
  integrity sha512-V5b8ekIekZ3xJ6f0sPsLgEbN5YT8gX0Q6yNjZXTKgqjH9dBGadZ0P50fhP0rLRBGifc44qfI3rnWNM+lebhJag==

xmltojson@^1.3.5:
  version "1.3.5"
  resolved "https://registry.yarnpkg.com/xmltojson/-/xmltojson-1.3.5.tgz#a57d3e0110404b83f62deefa0fcfc465772332e9"
  integrity sha1-pX0+ARBAS4P2Le76D8/EZXcjMuk=
